
Microsoft Visual Studio Solution File, Format Version 12.00
# Visual Studio 15
Project("{FAE04EC0-301F-11D3-BF4B-00C04F79EFBC}") = "Assembly-CSharp-Editor", "Assembly-CSharp-Editor.csproj", "{DA7BB536-AFA0-9CBC-41F2-930AD87E0381}"
EndProject
Project("{FAE04EC0-301F-11D3-BF4B-00C04F79EFBC}") = "Zenject", "Zenject.csproj", "{A4B48F47-653D-FE41-6FEF-12D0F8A5D798}"
EndProject
Project("{FAE04EC0-301F-11D3-BF4B-00C04F79EFBC}") = "Assembly-CSharp", "Assembly-CSharp.csproj", "{305388D6-D938-2BFD-99FB-AA3E97255507}"
EndProject
Project("{FAE04EC0-301F-11D3-BF4B-00C04F79EFBC}") = "Zenject-IntegrationTests", "Zenject-IntegrationTests.csproj", "{79DBAF70-7293-E138-7EF1-571C5ACDDD88}"
EndProject
Project("{FAE04EC0-301F-11D3-BF4B-00C04F79EFBC}") = "Zenject-IntegrationTests-Editor", "Zenject-IntegrationTests-Editor.csproj", "{9B50A8D0-CBB5-0146-9032-4211516579F3}"
EndProject
Project("{FAE04EC0-301F-11D3-BF4B-00C04F79EFBC}") = "Zenject-ReflectionBaking-Editor", "Zenject-ReflectionBaking-Editor.csproj", "{D35085BA-4BEC-53D3-4297-07AF43966F3C}"
EndProject
Project("{FAE04EC0-301F-11D3-BF4B-00C04F79EFBC}") = "Zenject-UnitTests-Editor", "Zenject-UnitTests-Editor.csproj", "{E91C991C-E334-68E4-BC80-300051B60222}"
EndProject
Project("{FAE04EC0-301F-11D3-BF4B-00C04F79EFBC}") = "Zenject-Editor", "Zenject-Editor.csproj", "{8E6FCFED-7570-87E3-5ED0-AC7156960D97}"
EndProject
Project("{FAE04EC0-301F-11D3-BF4B-00C04F79EFBC}") = "Zenject-TestFramework", "Zenject-TestFramework.csproj", "{68EDF893-0211-E569-522D-F03752CDF211}"
EndProject
Project("{FAE04EC0-301F-11D3-BF4B-00C04F79EFBC}") = "Zenject-PoolMonitor-Editor", "Zenject-PoolMonitor-Editor.csproj", "{3A7943C5-1091-F604-4C57-A020CE8EE918}"
EndProject
Project("{FAE04EC0-301F-11D3-BF4B-00C04F79EFBC}") = "BigRookGames", "BigRookGames.csproj", "{DB3B254F-A747-4931-982B-2E5194DBB090}"
EndProject
Global
	GlobalSection(SolutionConfigurationPlatforms) = preSolution
		Debug|Any CPU = Debug|Any CPU
		Release|Any CPU = Release|Any CPU
	EndGlobalSection
	GlobalSection(ProjectConfigurationPlatforms) = postSolution
		{DA7BB536-AFA0-9CBC-41F2-930AD87E0381}.Debug|Any CPU.ActiveCfg = Debug|Any CPU
		{DA7BB536-AFA0-9CBC-41F2-930AD87E0381}.Debug|Any CPU.Build.0 = Debug|Any CPU
		{DA7BB536-AFA0-9CBC-41F2-930AD87E0381}.Release|Any CPU.ActiveCfg = Release|Any CPU
		{DA7BB536-AFA0-9CBC-41F2-930AD87E0381}.Release|Any CPU.Build.0 = Release|Any CPU
		{A4B48F47-653D-FE41-6FEF-12D0F8A5D798}.Debug|Any CPU.ActiveCfg = Debug|Any CPU
		{A4B48F47-653D-FE41-6FEF-12D0F8A5D798}.Debug|Any CPU.Build.0 = Debug|Any CPU
		{A4B48F47-653D-FE41-6FEF-12D0F8A5D798}.Release|Any CPU.ActiveCfg = Release|Any CPU
		{A4B48F47-653D-FE41-6FEF-12D0F8A5D798}.Release|Any CPU.Build.0 = Release|Any CPU
		{305388D6-D938-2BFD-99FB-AA3E97255507}.Debug|Any CPU.ActiveCfg = Debug|Any CPU
		{305388D6-D938-2BFD-99FB-AA3E97255507}.Debug|Any CPU.Build.0 = Debug|Any CPU
		{305388D6-D938-2BFD-99FB-AA3E97255507}.Release|Any CPU.ActiveCfg = Release|Any CPU
		{305388D6-D938-2BFD-99FB-AA3E97255507}.Release|Any CPU.Build.0 = Release|Any CPU
		{79DBAF70-7293-E138-7EF1-571C5ACDDD88}.Debug|Any CPU.ActiveCfg = Debug|Any CPU
		{79DBAF70-7293-E138-7EF1-571C5ACDDD88}.Debug|Any CPU.Build.0 = Debug|Any CPU
		{79DBAF70-7293-E138-7EF1-571C5ACDDD88}.Release|Any CPU.ActiveCfg = Release|Any CPU
		{79DBAF70-7293-E138-7EF1-571C5ACDDD88}.Release|Any CPU.Build.0 = Release|Any CPU
		{9B50A8D0-CBB5-0146-9032-4211516579F3}.Debug|Any CPU.ActiveCfg = Debug|Any CPU
		{9B50A8D0-CBB5-0146-9032-4211516579F3}.Debug|Any CPU.Build.0 = Debug|Any CPU
		{9B50A8D0-CBB5-0146-9032-4211516579F3}.Release|Any CPU.ActiveCfg = Release|Any CPU
		{9B50A8D0-CBB5-0146-9032-4211516579F3}.Release|Any CPU.Build.0 = Release|Any CPU
		{D35085BA-4BEC-53D3-4297-07AF43966F3C}.Debug|Any CPU.ActiveCfg = Debug|Any CPU
		{D35085BA-4BEC-53D3-4297-07AF43966F3C}.Debug|Any CPU.Build.0 = Debug|Any CPU
		{D35085BA-4BEC-53D3-4297-07AF43966F3C}.Release|Any CPU.ActiveCfg = Release|Any CPU
		{D35085BA-4BEC-53D3-4297-07AF43966F3C}.Release|Any CPU.Build.0 = Release|Any CPU
		{E91C991C-E334-68E4-BC80-300051B60222}.Debug|Any CPU.ActiveCfg = Debug|Any CPU
		{E91C991C-E334-68E4-BC80-300051B60222}.Debug|Any CPU.Build.0 = Debug|Any CPU
		{E91C991C-E334-68E4-BC80-300051B60222}.Release|Any CPU.ActiveCfg = Release|Any CPU
		{E91C991C-E334-68E4-BC80-300051B60222}.Release|Any CPU.Build.0 = Release|Any CPU
		{8E6FCFED-7570-87E3-5ED0-AC7156960D97}.Debug|Any CPU.ActiveCfg = Debug|Any CPU
		{8E6FCFED-7570-87E3-5ED0-AC7156960D97}.Debug|Any CPU.Build.0 = Debug|Any CPU
		{8E6FCFED-7570-87E3-5ED0-AC7156960D97}.Release|Any CPU.ActiveCfg = Release|Any CPU
		{8E6FCFED-7570-87E3-5ED0-AC7156960D97}.Release|Any CPU.Build.0 = Release|Any CPU
		{68EDF893-0211-E569-522D-F03752CDF211}.Debug|Any CPU.ActiveCfg = Debug|Any CPU
		{68EDF893-0211-E569-522D-F03752CDF211}.Debug|Any CPU.Build.0 = Debug|Any CPU
		{68EDF893-0211-E569-522D-F03752CDF211}.Release|Any CPU.ActiveCfg = Release|Any CPU
		{68EDF893-0211-E569-522D-F03752CDF211}.Release|Any CPU.Build.0 = Release|Any CPU
		{3A7943C5-1091-F604-4C57-A020CE8EE918}.Debug|Any CPU.ActiveCfg = Debug|Any CPU
		{3A7943C5-1091-F604-4C57-A020CE8EE918}.Debug|Any CPU.Build.0 = Debug|Any CPU
		{3A7943C5-1091-F604-4C57-A020CE8EE918}.Release|Any CPU.ActiveCfg = Release|Any CPU
		{3A7943C5-1091-F604-4C57-A020CE8EE918}.Release|Any CPU.Build.0 = Release|Any CPU
		{DB3B254F-A747-4931-982B-2E5194DBB090}.Debug|Any CPU.ActiveCfg = Debug|Any CPU
		{DB3B254F-A747-4931-982B-2E5194DBB090}.Debug|Any CPU.Build.0 = Debug|Any CPU
		{DB3B254F-A747-4931-982B-2E5194DBB090}.Release|Any CPU.ActiveCfg = Release|Any CPU
		{DB3B254F-A747-4931-982B-2E5194DBB090}.Release|Any CPU.Build.0 = Release|Any CPU
	EndGlobalSection
	GlobalSection(SolutionProperties) = preSolution
		HideSolutionNode = FALSE
	EndGlobalSection
EndGlobal
