
Microsoft Visual Studio Solution File, Format Version 12.00
# Visual Studio 15
Project("{FAE04EC0-301F-11D3-BF4B-00C04F79EFBC}") = "Assembly-CSharp-Editor", "Assembly-CSharp-Editor.csproj", "{E5421DBE-0A4A-0A7B-453A-A3C2FEC6417B}"
EndProject
Project("{FAE04EC0-301F-11D3-BF4B-00C04F79EFBC}") = "Zenject", "Zenject.csproj", "{4344C70F-9B8F-C54E-A543-ED72F48968F5}"
EndProject
Project("{FAE04EC0-301F-11D3-BF4B-00C04F79EFBC}") = "Assembly-CSharp", "Assembly-CSharp.csproj", "{6FCE1CD2-6A4D-3ECF-F486-7216A1A482F4}"
EndProject
Project("{FAE04EC0-301F-11D3-BF4B-00C04F79EFBC}") = "Zenject-IntegrationTests", "Zenject-IntegrationTests.csproj", "{F839EBEA-B0BA-2374-2E99-B255EB4BD335}"
EndProject
Project("{FAE04EC0-301F-11D3-BF4B-00C04F79EFBC}") = "Zenject-IntegrationTests-Editor", "Zenject-IntegrationTests-Editor.csproj", "{2D1780BB-6FAA-DD11-9D13-D7FAFF8634D5}"
EndProject
Project("{FAE04EC0-301F-11D3-BF4B-00C04F79EFBC}") = "Zenject-ReflectionBaking-Editor", "Zenject-ReflectionBaking-Editor.csproj", "{F9109CE7-2A4B-530C-3B7C-2C78DA5C7595}"
EndProject
Project("{FAE04EC0-301F-11D3-BF4B-00C04F79EFBC}") = "Zenject-UnitTests-Editor", "Zenject-UnitTests-Editor.csproj", "{3A3B72DD-68B4-612C-6C42-E9623E19E42D}"
EndProject
Project("{FAE04EC0-301F-11D3-BF4B-00C04F79EFBC}") = "Zenject-Editor", "Zenject-Editor.csproj", "{BF18DF53-27CC-B773-E908-DB705B0446BD}"
EndProject
Project("{FAE04EC0-301F-11D3-BF4B-00C04F79EFBC}") = "Zenject-TestFramework", "Zenject-TestFramework.csproj", "{F39748F1-DED5-DD95-8F18-7D7C6BAC4C79}"
EndProject
Project("{FAE04EC0-301F-11D3-BF4B-00C04F79EFBC}") = "Zenject-PoolMonitor-Editor", "Zenject-PoolMonitor-Editor.csproj", "{B05053DE-2A8C-2A2E-74EE-58338445FDCA}"
EndProject
Project("{FAE04EC0-301F-11D3-BF4B-00C04F79EFBC}") = "BigRookGames", "BigRookGames.csproj", "{2D6DA7E4-09E2-2A13-F67A-BFF2905AF6BF}"
EndProject
Global
	GlobalSection(SolutionConfigurationPlatforms) = preSolution
		Debug|Any CPU = Debug|Any CPU
		Release|Any CPU = Release|Any CPU
	EndGlobalSection
	GlobalSection(ProjectConfigurationPlatforms) = postSolution
		{E5421DBE-0A4A-0A7B-453A-A3C2FEC6417B}.Debug|Any CPU.ActiveCfg = Debug|Any CPU
		{E5421DBE-0A4A-0A7B-453A-A3C2FEC6417B}.Debug|Any CPU.Build.0 = Debug|Any CPU
		{E5421DBE-0A4A-0A7B-453A-A3C2FEC6417B}.Release|Any CPU.ActiveCfg = Release|Any CPU
		{E5421DBE-0A4A-0A7B-453A-A3C2FEC6417B}.Release|Any CPU.Build.0 = Release|Any CPU
		{4344C70F-9B8F-C54E-A543-ED72F48968F5}.Debug|Any CPU.ActiveCfg = Debug|Any CPU
		{4344C70F-9B8F-C54E-A543-ED72F48968F5}.Debug|Any CPU.Build.0 = Debug|Any CPU
		{4344C70F-9B8F-C54E-A543-ED72F48968F5}.Release|Any CPU.ActiveCfg = Release|Any CPU
		{4344C70F-9B8F-C54E-A543-ED72F48968F5}.Release|Any CPU.Build.0 = Release|Any CPU
		{6FCE1CD2-6A4D-3ECF-F486-7216A1A482F4}.Debug|Any CPU.ActiveCfg = Debug|Any CPU
		{6FCE1CD2-6A4D-3ECF-F486-7216A1A482F4}.Debug|Any CPU.Build.0 = Debug|Any CPU
		{6FCE1CD2-6A4D-3ECF-F486-7216A1A482F4}.Release|Any CPU.ActiveCfg = Release|Any CPU
		{6FCE1CD2-6A4D-3ECF-F486-7216A1A482F4}.Release|Any CPU.Build.0 = Release|Any CPU
		{F839EBEA-B0BA-2374-2E99-B255EB4BD335}.Debug|Any CPU.ActiveCfg = Debug|Any CPU
		{F839EBEA-B0BA-2374-2E99-B255EB4BD335}.Debug|Any CPU.Build.0 = Debug|Any CPU
		{F839EBEA-B0BA-2374-2E99-B255EB4BD335}.Release|Any CPU.ActiveCfg = Release|Any CPU
		{F839EBEA-B0BA-2374-2E99-B255EB4BD335}.Release|Any CPU.Build.0 = Release|Any CPU
		{2D1780BB-6FAA-DD11-9D13-D7FAFF8634D5}.Debug|Any CPU.ActiveCfg = Debug|Any CPU
		{2D1780BB-6FAA-DD11-9D13-D7FAFF8634D5}.Debug|Any CPU.Build.0 = Debug|Any CPU
		{2D1780BB-6FAA-DD11-9D13-D7FAFF8634D5}.Release|Any CPU.ActiveCfg = Release|Any CPU
		{2D1780BB-6FAA-DD11-9D13-D7FAFF8634D5}.Release|Any CPU.Build.0 = Release|Any CPU
		{F9109CE7-2A4B-530C-3B7C-2C78DA5C7595}.Debug|Any CPU.ActiveCfg = Debug|Any CPU
		{F9109CE7-2A4B-530C-3B7C-2C78DA5C7595}.Debug|Any CPU.Build.0 = Debug|Any CPU
		{F9109CE7-2A4B-530C-3B7C-2C78DA5C7595}.Release|Any CPU.ActiveCfg = Release|Any CPU
		{F9109CE7-2A4B-530C-3B7C-2C78DA5C7595}.Release|Any CPU.Build.0 = Release|Any CPU
		{3A3B72DD-68B4-612C-6C42-E9623E19E42D}.Debug|Any CPU.ActiveCfg = Debug|Any CPU
		{3A3B72DD-68B4-612C-6C42-E9623E19E42D}.Debug|Any CPU.Build.0 = Debug|Any CPU
		{3A3B72DD-68B4-612C-6C42-E9623E19E42D}.Release|Any CPU.ActiveCfg = Release|Any CPU
		{3A3B72DD-68B4-612C-6C42-E9623E19E42D}.Release|Any CPU.Build.0 = Release|Any CPU
		{BF18DF53-27CC-B773-E908-DB705B0446BD}.Debug|Any CPU.ActiveCfg = Debug|Any CPU
		{BF18DF53-27CC-B773-E908-DB705B0446BD}.Debug|Any CPU.Build.0 = Debug|Any CPU
		{BF18DF53-27CC-B773-E908-DB705B0446BD}.Release|Any CPU.ActiveCfg = Release|Any CPU
		{BF18DF53-27CC-B773-E908-DB705B0446BD}.Release|Any CPU.Build.0 = Release|Any CPU
		{F39748F1-DED5-DD95-8F18-7D7C6BAC4C79}.Debug|Any CPU.ActiveCfg = Debug|Any CPU
		{F39748F1-DED5-DD95-8F18-7D7C6BAC4C79}.Debug|Any CPU.Build.0 = Debug|Any CPU
		{F39748F1-DED5-DD95-8F18-7D7C6BAC4C79}.Release|Any CPU.ActiveCfg = Release|Any CPU
		{F39748F1-DED5-DD95-8F18-7D7C6BAC4C79}.Release|Any CPU.Build.0 = Release|Any CPU
		{B05053DE-2A8C-2A2E-74EE-58338445FDCA}.Debug|Any CPU.ActiveCfg = Debug|Any CPU
		{B05053DE-2A8C-2A2E-74EE-58338445FDCA}.Debug|Any CPU.Build.0 = Debug|Any CPU
		{B05053DE-2A8C-2A2E-74EE-58338445FDCA}.Release|Any CPU.ActiveCfg = Release|Any CPU
		{B05053DE-2A8C-2A2E-74EE-58338445FDCA}.Release|Any CPU.Build.0 = Release|Any CPU
		{2D6DA7E4-09E2-2A13-F67A-BFF2905AF6BF}.Debug|Any CPU.ActiveCfg = Debug|Any CPU
		{2D6DA7E4-09E2-2A13-F67A-BFF2905AF6BF}.Debug|Any CPU.Build.0 = Debug|Any CPU
		{2D6DA7E4-09E2-2A13-F67A-BFF2905AF6BF}.Release|Any CPU.ActiveCfg = Release|Any CPU
		{2D6DA7E4-09E2-2A13-F67A-BFF2905AF6BF}.Release|Any CPU.Build.0 = Release|Any CPU
	EndGlobalSection
	GlobalSection(SolutionProperties) = preSolution
		HideSolutionNode = FALSE
	EndGlobalSection
EndGlobal
